
Microsoft Visual Studio Solution File, Format Version 12.00
# Visual Studio Version 17
VisualStudioVersion = 17.4.33122.133
MinimumVisualStudioVersion = 10.0.40219.1
Project("{FAE04EC0-301F-11D3-BF4B-00C04F79EFBC}") = "AtmProject", "AtmProject\AtmProject.csproj", "{0D12B565-3DB2-46F9-915B-22AE9CE0288F}"
EndProject
Global
	GlobalSection(SolutionConfigurationPlatforms) = preSolution
		Debug|Any CPU = Debug|Any CPU
		Release|Any CPU = Release|Any CPU
	EndGlobalSection
	GlobalSection(ProjectConfigurationPlatforms) = postSolution
		{0D12B565-3DB2-46F9-915B-22AE9CE0288F}.Debug|Any CPU.ActiveCfg = Debug|Any CPU
		{0D12B565-3DB2-46F9-915B-22AE9CE0288F}.Debug|Any CPU.Build.0 = Debug|Any CPU
		{0D12B565-3DB2-46F9-915B-22AE9CE0288F}.Release|Any CPU.ActiveCfg = Release|Any CPU
		{0D12B565-3DB2-46F9-915B-22AE9CE0288F}.Release|Any CPU.Build.0 = Release|Any CPU
	EndGlobalSection
	GlobalSection(SolutionProperties) = preSolution
		HideSolutionNode = FALSE
	EndGlobalSection
	GlobalSection(ExtensibilityGlobals) = postSolution
		SolutionGuid = {7746CA95-420F-4874-A339-FA992FE52459}
	EndGlobalSection
EndGlobal
